
Microsoft Visual Studio Solution File, Format Version 12.00
# Visual Studio Version 17
VisualStudioVersion = 17.7.34202.233
MinimumVisualStudioVersion = 10.0.40219.1
Project("{FAE04EC0-301F-11D3-BF4B-00C04F79EFBC}") = "VampireSurvivorsSaveSync", "VampireSurvivorsSaveSync.csproj", "{F6D245A2-3492-4F8A-8D15-588E051CA59C}"
EndProject
Global
	GlobalSection(SolutionConfigurationPlatforms) = preSolution
		Debug|Any CPU = Debug|Any CPU
		Release|Any CPU = Release|Any CPU
	EndGlobalSection
	GlobalSection(ProjectConfigurationPlatforms) = postSolution
		{F6D245A2-3492-4F8A-8D15-588E051CA59C}.Debug|Any CPU.ActiveCfg = Debug|Any CPU
		{F6D245A2-3492-4F8A-8D15-588E051CA59C}.Debug|Any CPU.Build.0 = Debug|Any CPU
		{F6D245A2-3492-4F8A-8D15-588E051CA59C}.Release|Any CPU.ActiveCfg = Release|Any CPU
		{F6D245A2-3492-4F8A-8D15-588E051CA59C}.Release|Any CPU.Build.0 = Release|Any CPU
	EndGlobalSection
	GlobalSection(SolutionProperties) = preSolution
		HideSolutionNode = FALSE
	EndGlobalSection
	GlobalSection(ExtensibilityGlobals) = postSolution
		SolutionGuid = {1C7AAA04-4FAC-45C8-90CE-152D1BC26299}
	EndGlobalSection
EndGlobal
